
Microsoft Visual Studio Solution File, Format Version 12.00
# Visual Studio 15
VisualStudioVersion = 15.0.27130.2027
MinimumVisualStudioVersion = 10.0.40219.1
Project("{8BC9CEB8-8B4A-11D0-8D11-00A0C91BC942}") = "simulation", "graphics\graphics.vcxproj", "{A5787127-E2B7-4E34-94A0-34DE9EBC76E4}"
EndProject
Project("{8BC9CEB8-8B4A-11D0-8D11-00A0C91BC942}") = "neuron", "neuron\neuron.vcxproj", "{F7D0D750-AE67-41B4-802A-5206FC22B623}"
EndProject
Global
	GlobalSection(SolutionConfigurationPlatforms) = preSolution
		Debug|x64 = Debug|x64
		Debug|x86 = Debug|x86
		Release|x64 = Release|x64
		Release|x86 = Release|x86
	EndGlobalSection
	GlobalSection(ProjectConfigurationPlatforms) = postSolution
		{A5787127-E2B7-4E34-94A0-34DE9EBC76E4}.Debug|x64.ActiveCfg = Debug|x64
		{A5787127-E2B7-4E34-94A0-34DE9EBC76E4}.Debug|x64.Build.0 = Debug|x64
		{A5787127-E2B7-4E34-94A0-34DE9EBC76E4}.Debug|x86.ActiveCfg = Debug|x64
		{A5787127-E2B7-4E34-94A0-34DE9EBC76E4}.Debug|x86.Build.0 = Debug|x64
		{A5787127-E2B7-4E34-94A0-34DE9EBC76E4}.Release|x64.ActiveCfg = Release|x64
		{A5787127-E2B7-4E34-94A0-34DE9EBC76E4}.Release|x64.Build.0 = Release|x64
		{A5787127-E2B7-4E34-94A0-34DE9EBC76E4}.Release|x86.ActiveCfg = Release|Win32
		{A5787127-E2B7-4E34-94A0-34DE9EBC76E4}.Release|x86.Build.0 = Release|Win32
		{F7D0D750-AE67-41B4-802A-5206FC22B623}.Debug|x64.ActiveCfg = Debug|x64
		{F7D0D750-AE67-41B4-802A-5206FC22B623}.Debug|x64.Build.0 = Debug|x64
		{F7D0D750-AE67-41B4-802A-5206FC22B623}.Debug|x86.ActiveCfg = Debug|Win32
		{F7D0D750-AE67-41B4-802A-5206FC22B623}.Debug|x86.Build.0 = Debug|Win32
		{F7D0D750-AE67-41B4-802A-5206FC22B623}.Release|x64.ActiveCfg = Release|x64
		{F7D0D750-AE67-41B4-802A-5206FC22B623}.Release|x64.Build.0 = Release|x64
		{F7D0D750-AE67-41B4-802A-5206FC22B623}.Release|x86.ActiveCfg = Release|Win32
		{F7D0D750-AE67-41B4-802A-5206FC22B623}.Release|x86.Build.0 = Release|Win32
	EndGlobalSection
	GlobalSection(SolutionProperties) = preSolution
		HideSolutionNode = FALSE
	EndGlobalSection
	GlobalSection(ExtensibilityGlobals) = postSolution
		SolutionGuid = {848157E2-060A-403F-B826-6607DF6AB5BE}
	EndGlobalSection
EndGlobal
