
Microsoft Visual Studio Solution File, Format Version 12.00
# Visual Studio 15
VisualStudioVersion = 15.0.27130.2027
MinimumVisualStudioVersion = 10.0.40219.1
Project("{8BC9CEB8-8B4A-11D0-8D11-00A0C91BC942}") = "simulation", "graphics\graphics.vcxproj", "{A5787127-E2B7-4E34-94A0-34DE9EBC76E4}"
EndProject
Project("{8BC9CEB8-8B4A-11D0-8D11-00A0C91BC942}") = "eigen", "eigen\eigen.vcxproj", "{8F2DA3C2-3905-45DF-A9B6-96D94C2998D4}"
EndProject
Project("{8BC9CEB8-8B4A-11D0-8D11-00A0C91BC942}") = "examples", "examples\examples.vcxproj", "{8AA9CDAC-9356-49DB-995F-9EA48F524D4A}"
EndProject
Project("{8BC9CEB8-8B4A-11D0-8D11-00A0C91BC942}") = "opennn", "opennn\opennn.vcxproj", "{F6847558-F70D-4F2C-B786-39C9D75E7FF9}"
EndProject
Project("{8BC9CEB8-8B4A-11D0-8D11-00A0C91BC942}") = "tests", "tests\tests.vcxproj", "{B45D24F7-1E0C-4F17-AD0F-4FC2A887F242}"
EndProject
Project("{8BC9CEB8-8B4A-11D0-8D11-00A0C91BC942}") = "tinyxml2", "tinyxml2\tinyxml2.vcxproj", "{0E2959EC-9CC8-423D-886A-573A5C8F55B3}"
EndProject
Global
	GlobalSection(SolutionConfigurationPlatforms) = preSolution
		Debug|x64 = Debug|x64
		Debug|x86 = Debug|x86
		Release|x64 = Release|x64
		Release|x86 = Release|x86
	EndGlobalSection
	GlobalSection(ProjectConfigurationPlatforms) = postSolution
		{A5787127-E2B7-4E34-94A0-34DE9EBC76E4}.Debug|x64.ActiveCfg = Debug|x64
		{A5787127-E2B7-4E34-94A0-34DE9EBC76E4}.Debug|x64.Build.0 = Debug|x64
		{A5787127-E2B7-4E34-94A0-34DE9EBC76E4}.Debug|x86.ActiveCfg = Debug|x64
		{A5787127-E2B7-4E34-94A0-34DE9EBC76E4}.Debug|x86.Build.0 = Debug|x64
		{A5787127-E2B7-4E34-94A0-34DE9EBC76E4}.Release|x64.ActiveCfg = Release|x64
		{A5787127-E2B7-4E34-94A0-34DE9EBC76E4}.Release|x64.Build.0 = Release|x64
		{A5787127-E2B7-4E34-94A0-34DE9EBC76E4}.Release|x86.ActiveCfg = Release|Win32
		{A5787127-E2B7-4E34-94A0-34DE9EBC76E4}.Release|x86.Build.0 = Release|Win32
		{8F2DA3C2-3905-45DF-A9B6-96D94C2998D4}.Debug|x64.ActiveCfg = Debug|x64
		{8F2DA3C2-3905-45DF-A9B6-96D94C2998D4}.Debug|x64.Build.0 = Debug|x64
		{8F2DA3C2-3905-45DF-A9B6-96D94C2998D4}.Debug|x86.ActiveCfg = Debug|Win32
		{8F2DA3C2-3905-45DF-A9B6-96D94C2998D4}.Debug|x86.Build.0 = Debug|Win32
		{8F2DA3C2-3905-45DF-A9B6-96D94C2998D4}.Release|x64.ActiveCfg = Release|x64
		{8F2DA3C2-3905-45DF-A9B6-96D94C2998D4}.Release|x64.Build.0 = Release|x64
		{8F2DA3C2-3905-45DF-A9B6-96D94C2998D4}.Release|x86.ActiveCfg = Release|Win32
		{8F2DA3C2-3905-45DF-A9B6-96D94C2998D4}.Release|x86.Build.0 = Release|Win32
		{8AA9CDAC-9356-49DB-995F-9EA48F524D4A}.Debug|x64.ActiveCfg = Debug|x64
		{8AA9CDAC-9356-49DB-995F-9EA48F524D4A}.Debug|x64.Build.0 = Debug|x64
		{8AA9CDAC-9356-49DB-995F-9EA48F524D4A}.Debug|x86.ActiveCfg = Debug|Win32
		{8AA9CDAC-9356-49DB-995F-9EA48F524D4A}.Debug|x86.Build.0 = Debug|Win32
		{8AA9CDAC-9356-49DB-995F-9EA48F524D4A}.Release|x64.ActiveCfg = Release|x64
		{8AA9CDAC-9356-49DB-995F-9EA48F524D4A}.Release|x64.Build.0 = Release|x64
		{8AA9CDAC-9356-49DB-995F-9EA48F524D4A}.Release|x86.ActiveCfg = Release|Win32
		{8AA9CDAC-9356-49DB-995F-9EA48F524D4A}.Release|x86.Build.0 = Release|Win32
		{F6847558-F70D-4F2C-B786-39C9D75E7FF9}.Debug|x64.ActiveCfg = Debug|x64
		{F6847558-F70D-4F2C-B786-39C9D75E7FF9}.Debug|x64.Build.0 = Debug|x64
		{F6847558-F70D-4F2C-B786-39C9D75E7FF9}.Debug|x86.ActiveCfg = Debug|Win32
		{F6847558-F70D-4F2C-B786-39C9D75E7FF9}.Debug|x86.Build.0 = Debug|Win32
		{F6847558-F70D-4F2C-B786-39C9D75E7FF9}.Release|x64.ActiveCfg = Release|x64
		{F6847558-F70D-4F2C-B786-39C9D75E7FF9}.Release|x64.Build.0 = Release|x64
		{F6847558-F70D-4F2C-B786-39C9D75E7FF9}.Release|x86.ActiveCfg = Release|Win32
		{F6847558-F70D-4F2C-B786-39C9D75E7FF9}.Release|x86.Build.0 = Release|Win32
		{B45D24F7-1E0C-4F17-AD0F-4FC2A887F242}.Debug|x64.ActiveCfg = Debug|x64
		{B45D24F7-1E0C-4F17-AD0F-4FC2A887F242}.Debug|x64.Build.0 = Debug|x64
		{B45D24F7-1E0C-4F17-AD0F-4FC2A887F242}.Debug|x86.ActiveCfg = Debug|Win32
		{B45D24F7-1E0C-4F17-AD0F-4FC2A887F242}.Debug|x86.Build.0 = Debug|Win32
		{B45D24F7-1E0C-4F17-AD0F-4FC2A887F242}.Release|x64.ActiveCfg = Release|x64
		{B45D24F7-1E0C-4F17-AD0F-4FC2A887F242}.Release|x64.Build.0 = Release|x64
		{B45D24F7-1E0C-4F17-AD0F-4FC2A887F242}.Release|x86.ActiveCfg = Release|Win32
		{B45D24F7-1E0C-4F17-AD0F-4FC2A887F242}.Release|x86.Build.0 = Release|Win32
		{0E2959EC-9CC8-423D-886A-573A5C8F55B3}.Debug|x64.ActiveCfg = Debug|x64
		{0E2959EC-9CC8-423D-886A-573A5C8F55B3}.Debug|x64.Build.0 = Debug|x64
		{0E2959EC-9CC8-423D-886A-573A5C8F55B3}.Debug|x86.ActiveCfg = Debug|Win32
		{0E2959EC-9CC8-423D-886A-573A5C8F55B3}.Debug|x86.Build.0 = Debug|Win32
		{0E2959EC-9CC8-423D-886A-573A5C8F55B3}.Release|x64.ActiveCfg = Release|x64
		{0E2959EC-9CC8-423D-886A-573A5C8F55B3}.Release|x64.Build.0 = Release|x64
		{0E2959EC-9CC8-423D-886A-573A5C8F55B3}.Release|x86.ActiveCfg = Release|Win32
		{0E2959EC-9CC8-423D-886A-573A5C8F55B3}.Release|x86.Build.0 = Release|Win32
	EndGlobalSection
	GlobalSection(SolutionProperties) = preSolution
		HideSolutionNode = FALSE
	EndGlobalSection
	GlobalSection(ExtensibilityGlobals) = postSolution
		SolutionGuid = {848157E2-060A-403F-B826-6607DF6AB5BE}
	EndGlobalSection
EndGlobal
