<?xml version="1.0" encoding="utf-8"?>
<Project ToolsVersion="15.0" xmlns="http://schemas.microsoft.com/developer/msbuild/2003">
  <ItemGroup>
    <ClCompile Include="C:\Users\jered\Documents\projects\OpenNN\opennn\variables.cpp">
      <Filter>Source Files</Filter>
    </ClCompile>
    <ClCompile Include="C:\Users\jered\Documents\projects\OpenNN\opennn\instances.cpp">
      <Filter>Source Files</Filter>
    </ClCompile>
    <ClCompile Include="C:\Users\jered\Documents\projects\OpenNN\opennn\missing_values.cpp">
      <Filter>Source Files</Filter>
    </ClCompile>
    <ClCompile Include="C:\Users\jered\Documents\projects\OpenNN\opennn\data_set.cpp">
      <Filter>Source Files</Filter>
    </ClCompile>
    <ClCompile Include="C:\Users\jered\Documents\projects\OpenNN\opennn\plug_in.cpp">
      <Filter>Source Files</Filter>
    </ClCompile>
    <ClCompile Include="C:\Users\jered\Documents\projects\OpenNN\opennn\ordinary_differential_equations.cpp">
      <Filter>Source Files</Filter>
    </ClCompile>
    <ClCompile Include="C:\Users\jered\Documents\projects\OpenNN\opennn\mathematical_model.cpp">
      <Filter>Source Files</Filter>
    </ClCompile>
    <ClCompile Include="C:\Users\jered\Documents\projects\OpenNN\opennn\inputs.cpp">
      <Filter>Source Files</Filter>
    </ClCompile>
    <ClCompile Include="C:\Users\jered\Documents\projects\OpenNN\opennn\outputs.cpp">
      <Filter>Source Files</Filter>
    </ClCompile>
    <ClCompile Include="C:\Users\jered\Documents\projects\OpenNN\opennn\unscaling_layer.cpp">
      <Filter>Source Files</Filter>
    </ClCompile>
    <ClCompile Include="C:\Users\jered\Documents\projects\OpenNN\opennn\scaling_layer.cpp">
      <Filter>Source Files</Filter>
    </ClCompile>
    <ClCompile Include="C:\Users\jered\Documents\projects\OpenNN\opennn\probabilistic_layer.cpp">
      <Filter>Source Files</Filter>
    </ClCompile>
    <ClCompile Include="C:\Users\jered\Documents\projects\OpenNN\opennn\perceptron_layer.cpp">
      <Filter>Source Files</Filter>
    </ClCompile>
    <ClCompile Include="C:\Users\jered\Documents\projects\OpenNN\opennn\perceptron.cpp">
      <Filter>Source Files</Filter>
    </ClCompile>
    <ClCompile Include="C:\Users\jered\Documents\projects\OpenNN\opennn\neural_network.cpp">
      <Filter>Source Files</Filter>
    </ClCompile>
    <ClCompile Include="C:\Users\jered\Documents\projects\OpenNN\opennn\multilayer_perceptron.cpp">
      <Filter>Source Files</Filter>
    </ClCompile>
    <ClCompile Include="C:\Users\jered\Documents\projects\OpenNN\opennn\independent_parameters.cpp">
      <Filter>Source Files</Filter>
    </ClCompile>
    <ClCompile Include="C:\Users\jered\Documents\projects\OpenNN\opennn\conditions_layer.cpp">
      <Filter>Source Files</Filter>
    </ClCompile>
    <ClCompile Include="C:\Users\jered\Documents\projects\OpenNN\opennn\bounding_layer.cpp">
      <Filter>Source Files</Filter>
    </ClCompile>
    <ClCompile Include="C:\Users\jered\Documents\projects\OpenNN\opennn\sum_squared_error.cpp">
      <Filter>Source Files</Filter>
    </ClCompile>
    <ClCompile Include="C:\Users\jered\Documents\projects\OpenNN\opennn\root_mean_squared_error.cpp">
      <Filter>Source Files</Filter>
    </ClCompile>
    <ClCompile Include="C:\Users\jered\Documents\projects\OpenNN\opennn\error_term.cpp">
      <Filter>Source Files</Filter>
    </ClCompile>
    <ClCompile Include="C:\Users\jered\Documents\projects\OpenNN\opennn\regularization_term.cpp">
      <Filter>Source Files</Filter>
    </ClCompile>
    <ClCompile Include="C:\Users\jered\Documents\projects\OpenNN\opennn\loss_index.cpp">
      <Filter>Source Files</Filter>
    </ClCompile>
    <ClCompile Include="C:\Users\jered\Documents\projects\OpenNN\opennn\outputs_integrals.cpp">
      <Filter>Source Files</Filter>
    </ClCompile>
    <ClCompile Include="C:\Users\jered\Documents\projects\OpenNN\opennn\normalized_squared_error.cpp">
      <Filter>Source Files</Filter>
    </ClCompile>
    <ClCompile Include="C:\Users\jered\Documents\projects\OpenNN\opennn\neural_parameters_norm.cpp">
      <Filter>Source Files</Filter>
    </ClCompile>
    <ClCompile Include="C:\Users\jered\Documents\projects\OpenNN\opennn\minkowski_error.cpp">
      <Filter>Source Files</Filter>
    </ClCompile>
    <ClCompile Include="C:\Users\jered\Documents\projects\OpenNN\opennn\mean_squared_error.cpp">
      <Filter>Source Files</Filter>
    </ClCompile>
    <ClCompile Include="C:\Users\jered\Documents\projects\OpenNN\opennn\weighted_squared_error.cpp">
      <Filter>Source Files</Filter>
    </ClCompile>
    <ClCompile Include="C:\Users\jered\Documents\projects\OpenNN\opennn\roc_area_error.cpp">
      <Filter>Source Files</Filter>
    </ClCompile>
    <ClCompile Include="C:\Users\jered\Documents\projects\OpenNN\opennn\cross_entropy_error.cpp">
      <Filter>Source Files</Filter>
    </ClCompile>
    <ClCompile Include="C:\Users\jered\Documents\projects\OpenNN\opennn\training_strategy.cpp">
      <Filter>Source Files</Filter>
    </ClCompile>
    <ClCompile Include="C:\Users\jered\Documents\projects\OpenNN\opennn\training_algorithm.cpp">
      <Filter>Source Files</Filter>
    </ClCompile>
    <ClCompile Include="C:\Users\jered\Documents\projects\OpenNN\opennn\training_rate_algorithm.cpp">
      <Filter>Source Files</Filter>
    </ClCompile>
    <ClCompile Include="C:\Users\jered\Documents\projects\OpenNN\opennn\random_search.cpp">
      <Filter>Source Files</Filter>
    </ClCompile>
    <ClCompile Include="C:\Users\jered\Documents\projects\OpenNN\opennn\quasi_newton_method.cpp">
      <Filter>Source Files</Filter>
    </ClCompile>
    <ClCompile Include="C:\Users\jered\Documents\projects\OpenNN\opennn\newton_method.cpp">
      <Filter>Source Files</Filter>
    </ClCompile>
    <ClCompile Include="C:\Users\jered\Documents\projects\OpenNN\opennn\levenberg_marquardt_algorithm.cpp">
      <Filter>Source Files</Filter>
    </ClCompile>
    <ClCompile Include="C:\Users\jered\Documents\projects\OpenNN\opennn\gradient_descent.cpp">
      <Filter>Source Files</Filter>
    </ClCompile>
    <ClCompile Include="C:\Users\jered\Documents\projects\OpenNN\opennn\evolutionary_algorithm.cpp">
      <Filter>Source Files</Filter>
    </ClCompile>
    <ClCompile Include="C:\Users\jered\Documents\projects\OpenNN\opennn\conjugate_gradient.cpp">
      <Filter>Source Files</Filter>
    </ClCompile>
    <ClCompile Include="C:\Users\jered\Documents\projects\OpenNN\opennn\model_selection.cpp">
      <Filter>Source Files</Filter>
    </ClCompile>
    <ClCompile Include="C:\Users\jered\Documents\projects\OpenNN\opennn\order_selection_algorithm.cpp">
      <Filter>Source Files</Filter>
    </ClCompile>
    <ClCompile Include="C:\Users\jered\Documents\projects\OpenNN\opennn\incremental_order.cpp">
      <Filter>Source Files</Filter>
    </ClCompile>
    <ClCompile Include="C:\Users\jered\Documents\projects\OpenNN\opennn\golden_section_order.cpp">
      <Filter>Source Files</Filter>
    </ClCompile>
    <ClCompile Include="C:\Users\jered\Documents\projects\OpenNN\opennn\simulated_annealing_order.cpp">
      <Filter>Source Files</Filter>
    </ClCompile>
    <ClCompile Include="C:\Users\jered\Documents\projects\OpenNN\opennn\inputs_selection_algorithm.cpp">
      <Filter>Source Files</Filter>
    </ClCompile>
    <ClCompile Include="C:\Users\jered\Documents\projects\OpenNN\opennn\growing_inputs.cpp">
      <Filter>Source Files</Filter>
    </ClCompile>
    <ClCompile Include="C:\Users\jered\Documents\projects\OpenNN\opennn\pruning_inputs.cpp">
      <Filter>Source Files</Filter>
    </ClCompile>
    <ClCompile Include="C:\Users\jered\Documents\projects\OpenNN\opennn\genetic_algorithm.cpp">
      <Filter>Source Files</Filter>
    </ClCompile>
    <ClCompile Include="C:\Users\jered\Documents\projects\OpenNN\opennn\testing_analysis.cpp">
      <Filter>Source Files</Filter>
    </ClCompile>
    <ClCompile Include="C:\Users\jered\Documents\projects\OpenNN\opennn\numerical_integration.cpp">
      <Filter>Source Files</Filter>
    </ClCompile>
    <ClCompile Include="C:\Users\jered\Documents\projects\OpenNN\opennn\numerical_differentiation.cpp">
      <Filter>Source Files</Filter>
    </ClCompile>
    <ClCompile Include="C:\Users\jered\Documents\projects\OpenNN\opennn\principal_components_layer.cpp">
      <Filter>Source Files</Filter>
    </ClCompile>
    <ClCompile Include="C:\Users\jered\Documents\projects\OpenNN\opennn\threshold_selection_algorithm.cpp">
      <Filter>Source Files</Filter>
    </ClCompile>
    <ClCompile Include="C:\Users\jered\Documents\projects\OpenNN\opennn\f1_score_optimization_threshold.cpp">
      <Filter>Source Files</Filter>
    </ClCompile>
    <ClCompile Include="C:\Users\jered\Documents\projects\OpenNN\opennn\matthew_correlation_optimization_threshold.cpp">
      <Filter>Source Files</Filter>
    </ClCompile>
    <ClCompile Include="C:\Users\jered\Documents\projects\OpenNN\opennn\youden_index_optimization_threshold.cpp">
      <Filter>Source Files</Filter>
    </ClCompile>
    <ClCompile Include="C:\Users\jered\Documents\projects\OpenNN\opennn\kappa_coefficient_optimization_threshold.cpp">
      <Filter>Source Files</Filter>
    </ClCompile>
    <ClCompile Include="C:\Users\jered\Documents\projects\OpenNN\opennn\roc_curve_optimization_threshold.cpp">
      <Filter>Source Files</Filter>
    </ClCompile>
    <ClCompile Include="C:\Users\jered\Documents\projects\OpenNN\opennn\selective_pruning.cpp">
      <Filter>Source Files</Filter>
    </ClCompile>
  </ItemGroup>
  <ItemGroup>
    <CustomBuild Include="C:\Users\jered\Documents\projects\OpenNN\opennn\CMakeLists.txt" />
  </ItemGroup>
  <ItemGroup>
    <Filter Include="Source Files">
      <UniqueIdentifier>{C8252EC9-4849-3191-AFAD-196F36F51D60}</UniqueIdentifier>
    </Filter>
  </ItemGroup>
</Project>
